version = 1
revision = 1
requires-python = ">=3.13"

[[package]]
name = "annotated-types"
version = "0.7.0"
source = { registry = "https://pypi.org/simple" }
sdist = { url = "https://files.pythonhosted.org/packages/ee/67/531ea369ba64dcff5ec9c3402f9f51bf748cec26dde048a2f973a4eea7f5/annotated_types-0.7.0.tar.gz", hash = "sha256:aff07c09a53a08bc8cfccb9c85b05f1aa9a2a6f23728d790723543408344ce89", size = 16081 }
wheels = [
    { url = "https://files.pythonhosted.org/packages/78/b6/6307fbef88d9b5ee7421e68d78a9f162e0da4900bc5f5793f6d3d0e34fb8/annotated_types-0.7.0-py3-none-any.whl", hash = "sha256:1f02e8b43a8fbbc3f3e0d4f0f4bfc8131bcb4eebe8849b8e5c773f3a1c582a53", size = 13643 },
]

[[package]]
name = "anyio"
version = "4.9.0"
source = { registry = "https://pypi.org/simple" }
dependencies = [
    { name = "idna" },
    { name = "sniffio" },
]
sdist = { url = "https://files.pythonhosted.org/packages/95/7d/4c1bd541d4dffa1b52bd83fb8527089e097a106fc90b467a7313b105f840/anyio-4.9.0.tar.gz", hash = "sha256:673c0c244e15788651a4ff38710fea9675823028a6f08a5eda409e0c9840a028", size = 190949 }
wheels = [
    { url = "https://files.pythonhosted.org/packages/a1/ee/48ca1a7c89ffec8b6a0c5d02b89c305671d5ffd8d3c94acf8b8c408575bb/anyio-4.9.0-py3-none-any.whl", hash = "sha256:9f76d541cad6e36af7beb62e978876f3b41e3e04f2c1fbf0884604c0a9c4d93c", size = 100916 },
]

[[package]]
name = "boto3"
version = "1.38.5"
source = { registry = "https://pypi.org/simple" }
dependencies = [
    { name = "botocore" },
    { name = "jmespath" },
    { name = "s3transfer" },
]
sdist = { url = "https://files.pythonhosted.org/packages/54/d4/50ea1226a79a615b698e9260f8dd6c50a3ab634a9944c92ee9e4b16f701f/boto3-1.38.5.tar.gz", hash = "sha256:4cd581f77e67dbc28579134e1ee7b522797cfde30e0c735e7537ec4a3fb6af45", size = 111813 }
wheels = [
    { url = "https://files.pythonhosted.org/packages/fa/56/066c615df654c088e7bd20f8bdaa1d7d28cf1dd3bc84664ad8e5494c00d8/boto3-1.38.5-py3-none-any.whl", hash = "sha256:78601ef259865a954ae0385f278fbe5d9b632cf6c5fe6500e1ceb94d35acf07f", size = 139899 },
]

[[package]]
name = "generate-exam"
version = "0.1.0"
source = { virtual = "." }
dependencies = [
    { name = "boto3" },
    { name = "botocore" },
    { name = "httpx" },
    { name = "openai" },
    { name = "psycopg2" },
    { name = "pymupdf" },
    { name = "pyyaml" },
]

[package.metadata]
requires-dist = [
    { name = "boto3", specifier = ">=1.38.5" },
    { name = "botocore", specifier = ">=1.38.5" },
    { name = "httpx", specifier = "==0.27.2" },
    { name = "openai", specifier = ">=1.76.2" },
    { name = "psycopg2", specifier = ">=2.9.10" },
    { name = "pymupdf", specifier = ">=1.25.5" },
    { name = "pyyaml", specifier = ">=6.0.2" },
]

[[package]]
name = "httpcore"
version = "1.0.9"
source = { registry = "https://pypi.org/simple" }
dependencies = [
    { name = "certifi" },
    { name = "h11" },
]

[[package]]
name = "httpx"
version = "0.27.2"
source = { registry = "https://pypi.org/simple" }
dependencies = [
    { name = "anyio" },
    { name = "certifi" },
    { name = "httpcore" },
    { name = "idna" },
    { name = "sniffio" },
]

[[package]]
name = "openai"
version = "1.76.2"
source = { registry = "https://pypi.org/simple" }
dependencies = [
    { name = "anyio" },
    { name = "distro" },
    { name = "httpx" },
    { name = "jiter" },
    { name = "pydantic" },
    { name = "sniffio" },
    { name = "tqdm" },
    { name = "typing-extensions" },
]

[[package]]
name = "psycopg2"
version = "2.9.10"
source = { registry = "https://pypi.org/simple" }

[[package]]
name = "pymupdf"
version = "1.25.5"
source = { registry = "https://pypi.org/simple" }

[[package]]
name = "pyyaml"
version = "6.0.2"
source = { registry = "https://pypi.org/simple" }
